
Microsoft Visual Studio Solution File, Format Version 12.00
# Visual Studio Version 16
VisualStudioVersion = 16.0.31829.152
MinimumVisualStudioVersion = 10.0.40219.1
Project("{FAE04EC0-301F-11D3-BF4B-00C04F79EFBC}") = "Lab1b", "Lab1b\Lab1b.csproj", "{B6DB8469-4E97-4A2E-9764-2E3EE98BF3BF}"
EndProject
Global
	GlobalSection(SolutionConfigurationPlatforms) = preSolution
		Debug|Any CPU = Debug|Any CPU
		Release|Any CPU = Release|Any CPU
	EndGlobalSection
	GlobalSection(ProjectConfigurationPlatforms) = postSolution
		{B6DB8469-4E97-4A2E-9764-2E3EE98BF3BF}.Debug|Any CPU.ActiveCfg = Debug|Any CPU
		{B6DB8469-4E97-4A2E-9764-2E3EE98BF3BF}.Debug|Any CPU.Build.0 = Debug|Any CPU
		{B6DB8469-4E97-4A2E-9764-2E3EE98BF3BF}.Release|Any CPU.ActiveCfg = Release|Any CPU
		{B6DB8469-4E97-4A2E-9764-2E3EE98BF3BF}.Release|Any CPU.Build.0 = Release|Any CPU
	EndGlobalSection
	GlobalSection(SolutionProperties) = preSolution
		HideSolutionNode = FALSE
	EndGlobalSection
	GlobalSection(ExtensibilityGlobals) = postSolution
		SolutionGuid = {9CE45F7D-3427-420E-9F95-9542CA7FD10D}
	EndGlobalSection
EndGlobal
